
Microsoft Visual Studio Solution File, Format Version 12.00
# Visual Studio Version 17
VisualStudioVersion = 17.5.33530.505
MinimumVisualStudioVersion = 10.0.40219.1
Project("{9A19103F-16F7-4668-BE54-9A1E7A4F7556}") = "neogym", "neogym.csproj", "{53FDEB45-5210-4A15-882F-697E31FCE369}"
EndProject
Global
	GlobalSection(SolutionConfigurationPlatforms) = preSolution
		Debug|Any CPU = Debug|Any CPU
		Release|Any CPU = Release|Any CPU
	EndGlobalSection
	GlobalSection(ProjectConfigurationPlatforms) = postSolution
		{53FDEB45-5210-4A15-882F-697E31FCE369}.Debug|Any CPU.ActiveCfg = Debug|Any CPU
		{53FDEB45-5210-4A15-882F-697E31FCE369}.Debug|Any CPU.Build.0 = Debug|Any CPU
		{53FDEB45-5210-4A15-882F-697E31FCE369}.Release|Any CPU.ActiveCfg = Release|Any CPU
		{53FDEB45-5210-4A15-882F-697E31FCE369}.Release|Any CPU.Build.0 = Release|Any CPU
	EndGlobalSection
	GlobalSection(SolutionProperties) = preSolution
		HideSolutionNode = FALSE
	EndGlobalSection
	GlobalSection(ExtensibilityGlobals) = postSolution
		SolutionGuid = {ED56D4CD-6907-41D8-992D-B83677001262}
	EndGlobalSection
EndGlobal
