
Microsoft Visual Studio Solution File, Format Version 12.00
# Visual Studio Version 17
VisualStudioVersion = 17.5.33530.505
MinimumVisualStudioVersion = 10.0.40219.1
Project("{FAE04EC0-301F-11D3-BF4B-00C04F79EFBC}") = "pato", "pato.csproj", "{1AEBC0CE-1FF4-405F-A18A-6A309722EECF}"
EndProject
Global
	GlobalSection(SolutionConfigurationPlatforms) = preSolution
		Debug|Any CPU = Debug|Any CPU
		Release|Any CPU = Release|Any CPU
	EndGlobalSection
	GlobalSection(ProjectConfigurationPlatforms) = postSolution
		{1AEBC0CE-1FF4-405F-A18A-6A309722EECF}.Debug|Any CPU.ActiveCfg = Debug|Any CPU
		{1AEBC0CE-1FF4-405F-A18A-6A309722EECF}.Debug|Any CPU.Build.0 = Debug|Any CPU
		{1AEBC0CE-1FF4-405F-A18A-6A309722EECF}.Release|Any CPU.ActiveCfg = Release|Any CPU
		{1AEBC0CE-1FF4-405F-A18A-6A309722EECF}.Release|Any CPU.Build.0 = Release|Any CPU
	EndGlobalSection
	GlobalSection(SolutionProperties) = preSolution
		HideSolutionNode = FALSE
	EndGlobalSection
	GlobalSection(ExtensibilityGlobals) = postSolution
		SolutionGuid = {929717CE-3B4B-474E-AE8C-E7ACFD52229D}
	EndGlobalSection
EndGlobal
